
Microsoft Visual Studio Solution File, Format Version 12.00
# Visual Studio 15
VisualStudioVersion = 15.0.26430.15
MinimumVisualStudioVersion = 10.0.40219.1
Project("{8BC9CEB8-8B4A-11D0-8D11-00A0C91BC942}") = "_cube666", "_cube666\_cube666.vcxproj", "{34365E80-621B-4EE3-831F-66559F2D3100}"
EndProject
Project("{8BC9CEB8-8B4A-11D0-8D11-00A0C91BC942}") = "gen_cube_perm", "gen_cube_perm\gen_cube_perm.vcxproj", "{FBCE1C4A-2113-48F6-8B54-3C8065AE7060}"
EndProject
Project("{8BC9CEB8-8B4A-11D0-8D11-00A0C91BC942}") = "test_cube666_shuffle", "test_cube666_shuffle\test_cube666_shuffle.vcxproj", "{5AB1C65F-3E61-4FA5-A4ED-75DDAB334A24}"
EndProject
Project("{8BC9CEB8-8B4A-11D0-8D11-00A0C91BC942}") = "test_cube666_moves", "test_cube666_moves\test_cube666_moves.vcxproj", "{97BCB036-CE47-4578-BF8A-328B5F93C503}"
EndProject
Project("{8BC9CEB8-8B4A-11D0-8D11-00A0C91BC942}") = "test_center_edges_even", "test_center_edges_even\test_center_edges_even.vcxproj", "{DB14A712-9B82-430E-9155-6EBE7ADF317F}"
EndProject
Project("{8BC9CEB8-8B4A-11D0-8D11-00A0C91BC942}") = "test_cube", "test_cube\test_cube.vcxproj", "{E3A83EDF-71E1-4A38-99BE-E879D9A080EE}"
EndProject
Project("{8BC9CEB8-8B4A-11D0-8D11-00A0C91BC942}") = "center_corners_cube2", "center_corners_cube2\center_corners_cube2.vcxproj", "{7FE52060-361D-42E4-ACEB-23283D99E5FD}"
EndProject
Project("{8BC9CEB8-8B4A-11D0-8D11-00A0C91BC942}") = "center_corners_cube3", "center_corners_cube3\center_corners_cube3.vcxproj", "{B44F9908-1DDB-4422-A031-0C3A272C39B0}"
EndProject
Project("{8BC9CEB8-8B4A-11D0-8D11-00A0C91BC942}") = "center_edges", "center_edges\center_edges.vcxproj", "{94CEDDCE-8BDB-49F6-98FF-D5EB875C076D}"
EndProject
Project("{8BC9CEB8-8B4A-11D0-8D11-00A0C91BC942}") = "coupled_edges_cube", "coupled_edges_cube\coupled_edges_cube.vcxproj", "{91DDB7C8-11F3-47FC-B2CE-1F4A63200016}"
EndProject
Project("{8BC9CEB8-8B4A-11D0-8D11-00A0C91BC942}") = "edge_positions", "edge_positions\edge_positions.vcxproj", "{19869704-64AD-4637-9726-744B89D997CC}"
EndProject
Project("{8BC9CEB8-8B4A-11D0-8D11-00A0C91BC942}") = "fixed_edges", "fixed_edges\fixed_edges.vcxproj", "{C22B3871-07AE-4C7F-8C83-C74C8D002F84}"
EndProject
Project("{8BC9CEB8-8B4A-11D0-8D11-00A0C91BC942}") = "fixed_edges_cube", "fixed_edges_cube\fixed_edges_cube.vcxproj", "{E7B14736-A8D2-422D-B0A9-403B645527A1}"
EndProject
Project("{8BC9CEB8-8B4A-11D0-8D11-00A0C91BC942}") = "corners_cube", "corners_cube\corners_cube.vcxproj", "{C2AD0993-9373-41D4-A39B-C020D1AEFB33}"
EndProject
Project("{8BC9CEB8-8B4A-11D0-8D11-00A0C91BC942}") = "corners", "corners\corners.vcxproj", "{75210CB6-01D0-4890-AF68-9D7D3A9687A1}"
EndProject
Project("{8BC9CEB8-8B4A-11D0-8D11-00A0C91BC942}") = "cube666", "cube666\cube666.vcxproj", "{67324589-234B-46AB-A217-2E4C717D791A}"
EndProject
Project("{8BC9CEB8-8B4A-11D0-8D11-00A0C91BC942}") = "_cube555", "_cube555\_cube555.vcxproj", "{1139905C-4DF1-4CDC-87EC-9BD053BD7E7A}"
EndProject
Project("{8BC9CEB8-8B4A-11D0-8D11-00A0C91BC942}") = "cube555", "cube555\cube555.vcxproj", "{AD559EC3-8409-4147-84C3-2BF64975542F}"
EndProject
Project("{8BC9CEB8-8B4A-11D0-8D11-00A0C91BC942}") = "_cube444", "_cube444\_cube444.vcxproj", "{660B32CC-8E74-4227-ADC4-23D06A63158D}"
EndProject
Project("{8BC9CEB8-8B4A-11D0-8D11-00A0C91BC942}") = "cube444", "cube444\cube444.vcxproj", "{CCC949CB-21EB-4015-B8DB-21EDD0AF6113}"
EndProject
Project("{8BC9CEB8-8B4A-11D0-8D11-00A0C91BC942}") = "_cube333", "_cube333\_cube333.vcxproj", "{21C8368E-65A9-4B84-A430-1A916AF786ED}"
EndProject
Project("{8BC9CEB8-8B4A-11D0-8D11-00A0C91BC942}") = "center_edges_cube", "center_edges_cube\center_edges_cube.vcxproj", "{782DA7FF-F1D2-4313-AD7C-69B55AEEBA57}"
EndProject
Project("{8BC9CEB8-8B4A-11D0-8D11-00A0C91BC942}") = "_cube222", "_cube222\_cube222.vcxproj", "{F2C8C23F-1014-4B7B-9DB1-2EADFE063B9D}"
EndProject
Project("{8BC9CEB8-8B4A-11D0-8D11-00A0C91BC942}") = "center_corners_cube", "center_corners_cube\center_corners_cube.vcxproj", "{91273FB0-B67C-4083-8C8B-541B12C72844}"
EndProject
Project("{8BC9CEB8-8B4A-11D0-8D11-00A0C91BC942}") = "coupled_edges", "coupled_edges\coupled_edges.vcxproj", "{4A6D4F0C-0B9A-49D5-8296-BC91391E3E54}"
EndProject
Project("{8BC9CEB8-8B4A-11D0-8D11-00A0C91BC942}") = "test_cube666_solve", "test_cube666_solve\test_cube666_solve.vcxproj", "{93FEEBE0-E055-4EC6-8D1A-7E6C4845E635}"
EndProject
Project("{8BC9CEB8-8B4A-11D0-8D11-00A0C91BC942}") = "faces", "faces\faces.vcxproj", "{FDEEE46E-C588-43F2-88DA-C1CA8174378D}"
EndProject
Project("{8BC9CEB8-8B4A-11D0-8D11-00A0C91BC942}") = "cube444_comp", "cube444_comp\cube444_comp.vcxproj", "{40FB8A0E-FDFA-4E51-82EB-E912671764FE}"
EndProject
Project("{8BC9CEB8-8B4A-11D0-8D11-00A0C91BC942}") = "test_center_edges_toPermutationN", "test_center_edges_toPermutationN\test_center_edges_toPermutationN.vcxproj", "{5B52C317-A61D-4FBE-B635-278A6C1358B9}"
EndProject
Global
	GlobalSection(SolutionConfigurationPlatforms) = preSolution
		Debug|x64 = Debug|x64
		Debug|x86 = Debug|x86
		Release|x64 = Release|x64
		Release|x86 = Release|x86
	EndGlobalSection
	GlobalSection(ProjectConfigurationPlatforms) = postSolution
		{34365E80-621B-4EE3-831F-66559F2D3100}.Debug|x64.ActiveCfg = Debug|x64
		{34365E80-621B-4EE3-831F-66559F2D3100}.Debug|x64.Build.0 = Debug|x64
		{34365E80-621B-4EE3-831F-66559F2D3100}.Debug|x86.ActiveCfg = Debug|Win32
		{34365E80-621B-4EE3-831F-66559F2D3100}.Debug|x86.Build.0 = Debug|Win32
		{34365E80-621B-4EE3-831F-66559F2D3100}.Release|x64.ActiveCfg = Release|x64
		{34365E80-621B-4EE3-831F-66559F2D3100}.Release|x64.Build.0 = Release|x64
		{34365E80-621B-4EE3-831F-66559F2D3100}.Release|x86.ActiveCfg = Release|Win32
		{34365E80-621B-4EE3-831F-66559F2D3100}.Release|x86.Build.0 = Release|Win32
		{FBCE1C4A-2113-48F6-8B54-3C8065AE7060}.Debug|x64.ActiveCfg = Debug|x64
		{FBCE1C4A-2113-48F6-8B54-3C8065AE7060}.Debug|x64.Build.0 = Debug|x64
		{FBCE1C4A-2113-48F6-8B54-3C8065AE7060}.Debug|x86.ActiveCfg = Debug|Win32
		{FBCE1C4A-2113-48F6-8B54-3C8065AE7060}.Debug|x86.Build.0 = Debug|Win32
		{FBCE1C4A-2113-48F6-8B54-3C8065AE7060}.Release|x64.ActiveCfg = Release|x64
		{FBCE1C4A-2113-48F6-8B54-3C8065AE7060}.Release|x64.Build.0 = Release|x64
		{FBCE1C4A-2113-48F6-8B54-3C8065AE7060}.Release|x86.ActiveCfg = Release|Win32
		{FBCE1C4A-2113-48F6-8B54-3C8065AE7060}.Release|x86.Build.0 = Release|Win32
		{5AB1C65F-3E61-4FA5-A4ED-75DDAB334A24}.Debug|x64.ActiveCfg = Debug|x64
		{5AB1C65F-3E61-4FA5-A4ED-75DDAB334A24}.Debug|x64.Build.0 = Debug|x64
		{5AB1C65F-3E61-4FA5-A4ED-75DDAB334A24}.Debug|x86.ActiveCfg = Debug|Win32
		{5AB1C65F-3E61-4FA5-A4ED-75DDAB334A24}.Debug|x86.Build.0 = Debug|Win32
		{5AB1C65F-3E61-4FA5-A4ED-75DDAB334A24}.Release|x64.ActiveCfg = Release|x64
		{5AB1C65F-3E61-4FA5-A4ED-75DDAB334A24}.Release|x64.Build.0 = Release|x64
		{5AB1C65F-3E61-4FA5-A4ED-75DDAB334A24}.Release|x86.ActiveCfg = Release|Win32
		{5AB1C65F-3E61-4FA5-A4ED-75DDAB334A24}.Release|x86.Build.0 = Release|Win32
		{97BCB036-CE47-4578-BF8A-328B5F93C503}.Debug|x64.ActiveCfg = Debug|x64
		{97BCB036-CE47-4578-BF8A-328B5F93C503}.Debug|x64.Build.0 = Debug|x64
		{97BCB036-CE47-4578-BF8A-328B5F93C503}.Debug|x86.ActiveCfg = Debug|Win32
		{97BCB036-CE47-4578-BF8A-328B5F93C503}.Debug|x86.Build.0 = Debug|Win32
		{97BCB036-CE47-4578-BF8A-328B5F93C503}.Release|x64.ActiveCfg = Release|x64
		{97BCB036-CE47-4578-BF8A-328B5F93C503}.Release|x64.Build.0 = Release|x64
		{97BCB036-CE47-4578-BF8A-328B5F93C503}.Release|x86.ActiveCfg = Release|Win32
		{97BCB036-CE47-4578-BF8A-328B5F93C503}.Release|x86.Build.0 = Release|Win32
		{DB14A712-9B82-430E-9155-6EBE7ADF317F}.Debug|x64.ActiveCfg = Debug|x64
		{DB14A712-9B82-430E-9155-6EBE7ADF317F}.Debug|x64.Build.0 = Debug|x64
		{DB14A712-9B82-430E-9155-6EBE7ADF317F}.Debug|x86.ActiveCfg = Debug|Win32
		{DB14A712-9B82-430E-9155-6EBE7ADF317F}.Debug|x86.Build.0 = Debug|Win32
		{DB14A712-9B82-430E-9155-6EBE7ADF317F}.Release|x64.ActiveCfg = Release|x64
		{DB14A712-9B82-430E-9155-6EBE7ADF317F}.Release|x64.Build.0 = Release|x64
		{DB14A712-9B82-430E-9155-6EBE7ADF317F}.Release|x86.ActiveCfg = Release|Win32
		{DB14A712-9B82-430E-9155-6EBE7ADF317F}.Release|x86.Build.0 = Release|Win32
		{E3A83EDF-71E1-4A38-99BE-E879D9A080EE}.Debug|x64.ActiveCfg = Debug|x64
		{E3A83EDF-71E1-4A38-99BE-E879D9A080EE}.Debug|x64.Build.0 = Debug|x64
		{E3A83EDF-71E1-4A38-99BE-E879D9A080EE}.Debug|x86.ActiveCfg = Debug|Win32
		{E3A83EDF-71E1-4A38-99BE-E879D9A080EE}.Debug|x86.Build.0 = Debug|Win32
		{E3A83EDF-71E1-4A38-99BE-E879D9A080EE}.Release|x64.ActiveCfg = Release|x64
		{E3A83EDF-71E1-4A38-99BE-E879D9A080EE}.Release|x64.Build.0 = Release|x64
		{E3A83EDF-71E1-4A38-99BE-E879D9A080EE}.Release|x86.ActiveCfg = Release|Win32
		{E3A83EDF-71E1-4A38-99BE-E879D9A080EE}.Release|x86.Build.0 = Release|Win32
		{7FE52060-361D-42E4-ACEB-23283D99E5FD}.Debug|x64.ActiveCfg = Debug|x64
		{7FE52060-361D-42E4-ACEB-23283D99E5FD}.Debug|x64.Build.0 = Debug|x64
		{7FE52060-361D-42E4-ACEB-23283D99E5FD}.Debug|x86.ActiveCfg = Debug|Win32
		{7FE52060-361D-42E4-ACEB-23283D99E5FD}.Debug|x86.Build.0 = Debug|Win32
		{7FE52060-361D-42E4-ACEB-23283D99E5FD}.Release|x64.ActiveCfg = Release|x64
		{7FE52060-361D-42E4-ACEB-23283D99E5FD}.Release|x64.Build.0 = Release|x64
		{7FE52060-361D-42E4-ACEB-23283D99E5FD}.Release|x86.ActiveCfg = Release|Win32
		{7FE52060-361D-42E4-ACEB-23283D99E5FD}.Release|x86.Build.0 = Release|Win32
		{B44F9908-1DDB-4422-A031-0C3A272C39B0}.Debug|x64.ActiveCfg = Debug|x64
		{B44F9908-1DDB-4422-A031-0C3A272C39B0}.Debug|x64.Build.0 = Debug|x64
		{B44F9908-1DDB-4422-A031-0C3A272C39B0}.Debug|x86.ActiveCfg = Debug|Win32
		{B44F9908-1DDB-4422-A031-0C3A272C39B0}.Debug|x86.Build.0 = Debug|Win32
		{B44F9908-1DDB-4422-A031-0C3A272C39B0}.Release|x64.ActiveCfg = Release|x64
		{B44F9908-1DDB-4422-A031-0C3A272C39B0}.Release|x64.Build.0 = Release|x64
		{B44F9908-1DDB-4422-A031-0C3A272C39B0}.Release|x86.ActiveCfg = Release|Win32
		{B44F9908-1DDB-4422-A031-0C3A272C39B0}.Release|x86.Build.0 = Release|Win32
		{94CEDDCE-8BDB-49F6-98FF-D5EB875C076D}.Debug|x64.ActiveCfg = Debug|x64
		{94CEDDCE-8BDB-49F6-98FF-D5EB875C076D}.Debug|x64.Build.0 = Debug|x64
		{94CEDDCE-8BDB-49F6-98FF-D5EB875C076D}.Debug|x86.ActiveCfg = Debug|Win32
		{94CEDDCE-8BDB-49F6-98FF-D5EB875C076D}.Debug|x86.Build.0 = Debug|Win32
		{94CEDDCE-8BDB-49F6-98FF-D5EB875C076D}.Release|x64.ActiveCfg = Release|x64
		{94CEDDCE-8BDB-49F6-98FF-D5EB875C076D}.Release|x64.Build.0 = Release|x64
		{94CEDDCE-8BDB-49F6-98FF-D5EB875C076D}.Release|x86.ActiveCfg = Release|Win32
		{94CEDDCE-8BDB-49F6-98FF-D5EB875C076D}.Release|x86.Build.0 = Release|Win32
		{91DDB7C8-11F3-47FC-B2CE-1F4A63200016}.Debug|x64.ActiveCfg = Debug|x64
		{91DDB7C8-11F3-47FC-B2CE-1F4A63200016}.Debug|x64.Build.0 = Debug|x64
		{91DDB7C8-11F3-47FC-B2CE-1F4A63200016}.Debug|x86.ActiveCfg = Debug|Win32
		{91DDB7C8-11F3-47FC-B2CE-1F4A63200016}.Debug|x86.Build.0 = Debug|Win32
		{91DDB7C8-11F3-47FC-B2CE-1F4A63200016}.Release|x64.ActiveCfg = Release|x64
		{91DDB7C8-11F3-47FC-B2CE-1F4A63200016}.Release|x64.Build.0 = Release|x64
		{91DDB7C8-11F3-47FC-B2CE-1F4A63200016}.Release|x86.ActiveCfg = Release|Win32
		{91DDB7C8-11F3-47FC-B2CE-1F4A63200016}.Release|x86.Build.0 = Release|Win32
		{19869704-64AD-4637-9726-744B89D997CC}.Debug|x64.ActiveCfg = Debug|x64
		{19869704-64AD-4637-9726-744B89D997CC}.Debug|x64.Build.0 = Debug|x64
		{19869704-64AD-4637-9726-744B89D997CC}.Debug|x86.ActiveCfg = Debug|Win32
		{19869704-64AD-4637-9726-744B89D997CC}.Debug|x86.Build.0 = Debug|Win32
		{19869704-64AD-4637-9726-744B89D997CC}.Release|x64.ActiveCfg = Release|x64
		{19869704-64AD-4637-9726-744B89D997CC}.Release|x64.Build.0 = Release|x64
		{19869704-64AD-4637-9726-744B89D997CC}.Release|x86.ActiveCfg = Release|Win32
		{19869704-64AD-4637-9726-744B89D997CC}.Release|x86.Build.0 = Release|Win32
		{C22B3871-07AE-4C7F-8C83-C74C8D002F84}.Debug|x64.ActiveCfg = Debug|x64
		{C22B3871-07AE-4C7F-8C83-C74C8D002F84}.Debug|x64.Build.0 = Debug|x64
		{C22B3871-07AE-4C7F-8C83-C74C8D002F84}.Debug|x86.ActiveCfg = Debug|Win32
		{C22B3871-07AE-4C7F-8C83-C74C8D002F84}.Debug|x86.Build.0 = Debug|Win32
		{C22B3871-07AE-4C7F-8C83-C74C8D002F84}.Release|x64.ActiveCfg = Release|x64
		{C22B3871-07AE-4C7F-8C83-C74C8D002F84}.Release|x64.Build.0 = Release|x64
		{C22B3871-07AE-4C7F-8C83-C74C8D002F84}.Release|x86.ActiveCfg = Release|Win32
		{C22B3871-07AE-4C7F-8C83-C74C8D002F84}.Release|x86.Build.0 = Release|Win32
		{E7B14736-A8D2-422D-B0A9-403B645527A1}.Debug|x64.ActiveCfg = Debug|x64
		{E7B14736-A8D2-422D-B0A9-403B645527A1}.Debug|x64.Build.0 = Debug|x64
		{E7B14736-A8D2-422D-B0A9-403B645527A1}.Debug|x86.ActiveCfg = Debug|Win32
		{E7B14736-A8D2-422D-B0A9-403B645527A1}.Debug|x86.Build.0 = Debug|Win32
		{E7B14736-A8D2-422D-B0A9-403B645527A1}.Release|x64.ActiveCfg = Release|x64
		{E7B14736-A8D2-422D-B0A9-403B645527A1}.Release|x64.Build.0 = Release|x64
		{E7B14736-A8D2-422D-B0A9-403B645527A1}.Release|x86.ActiveCfg = Release|Win32
		{E7B14736-A8D2-422D-B0A9-403B645527A1}.Release|x86.Build.0 = Release|Win32
		{C2AD0993-9373-41D4-A39B-C020D1AEFB33}.Debug|x64.ActiveCfg = Debug|x64
		{C2AD0993-9373-41D4-A39B-C020D1AEFB33}.Debug|x64.Build.0 = Debug|x64
		{C2AD0993-9373-41D4-A39B-C020D1AEFB33}.Debug|x86.ActiveCfg = Debug|Win32
		{C2AD0993-9373-41D4-A39B-C020D1AEFB33}.Debug|x86.Build.0 = Debug|Win32
		{C2AD0993-9373-41D4-A39B-C020D1AEFB33}.Release|x64.ActiveCfg = Release|x64
		{C2AD0993-9373-41D4-A39B-C020D1AEFB33}.Release|x64.Build.0 = Release|x64
		{C2AD0993-9373-41D4-A39B-C020D1AEFB33}.Release|x86.ActiveCfg = Release|Win32
		{C2AD0993-9373-41D4-A39B-C020D1AEFB33}.Release|x86.Build.0 = Release|Win32
		{75210CB6-01D0-4890-AF68-9D7D3A9687A1}.Debug|x64.ActiveCfg = Debug|x64
		{75210CB6-01D0-4890-AF68-9D7D3A9687A1}.Debug|x64.Build.0 = Debug|x64
		{75210CB6-01D0-4890-AF68-9D7D3A9687A1}.Debug|x86.ActiveCfg = Debug|Win32
		{75210CB6-01D0-4890-AF68-9D7D3A9687A1}.Debug|x86.Build.0 = Debug|Win32
		{75210CB6-01D0-4890-AF68-9D7D3A9687A1}.Release|x64.ActiveCfg = Release|x64
		{75210CB6-01D0-4890-AF68-9D7D3A9687A1}.Release|x64.Build.0 = Release|x64
		{75210CB6-01D0-4890-AF68-9D7D3A9687A1}.Release|x86.ActiveCfg = Release|Win32
		{75210CB6-01D0-4890-AF68-9D7D3A9687A1}.Release|x86.Build.0 = Release|Win32
		{67324589-234B-46AB-A217-2E4C717D791A}.Debug|x64.ActiveCfg = Debug|x64
		{67324589-234B-46AB-A217-2E4C717D791A}.Debug|x64.Build.0 = Debug|x64
		{67324589-234B-46AB-A217-2E4C717D791A}.Debug|x86.ActiveCfg = Debug|Win32
		{67324589-234B-46AB-A217-2E4C717D791A}.Debug|x86.Build.0 = Debug|Win32
		{67324589-234B-46AB-A217-2E4C717D791A}.Release|x64.ActiveCfg = Release|x64
		{67324589-234B-46AB-A217-2E4C717D791A}.Release|x64.Build.0 = Release|x64
		{67324589-234B-46AB-A217-2E4C717D791A}.Release|x86.ActiveCfg = Release|Win32
		{67324589-234B-46AB-A217-2E4C717D791A}.Release|x86.Build.0 = Release|Win32
		{1139905C-4DF1-4CDC-87EC-9BD053BD7E7A}.Debug|x64.ActiveCfg = Debug|x64
		{1139905C-4DF1-4CDC-87EC-9BD053BD7E7A}.Debug|x64.Build.0 = Debug|x64
		{1139905C-4DF1-4CDC-87EC-9BD053BD7E7A}.Debug|x86.ActiveCfg = Debug|Win32
		{1139905C-4DF1-4CDC-87EC-9BD053BD7E7A}.Debug|x86.Build.0 = Debug|Win32
		{1139905C-4DF1-4CDC-87EC-9BD053BD7E7A}.Release|x64.ActiveCfg = Release|x64
		{1139905C-4DF1-4CDC-87EC-9BD053BD7E7A}.Release|x64.Build.0 = Release|x64
		{1139905C-4DF1-4CDC-87EC-9BD053BD7E7A}.Release|x86.ActiveCfg = Release|Win32
		{1139905C-4DF1-4CDC-87EC-9BD053BD7E7A}.Release|x86.Build.0 = Release|Win32
		{AD559EC3-8409-4147-84C3-2BF64975542F}.Debug|x64.ActiveCfg = Debug|x64
		{AD559EC3-8409-4147-84C3-2BF64975542F}.Debug|x64.Build.0 = Debug|x64
		{AD559EC3-8409-4147-84C3-2BF64975542F}.Debug|x86.ActiveCfg = Debug|Win32
		{AD559EC3-8409-4147-84C3-2BF64975542F}.Debug|x86.Build.0 = Debug|Win32
		{AD559EC3-8409-4147-84C3-2BF64975542F}.Release|x64.ActiveCfg = Release|x64
		{AD559EC3-8409-4147-84C3-2BF64975542F}.Release|x64.Build.0 = Release|x64
		{AD559EC3-8409-4147-84C3-2BF64975542F}.Release|x86.ActiveCfg = Release|Win32
		{AD559EC3-8409-4147-84C3-2BF64975542F}.Release|x86.Build.0 = Release|Win32
		{660B32CC-8E74-4227-ADC4-23D06A63158D}.Debug|x64.ActiveCfg = Debug|x64
		{660B32CC-8E74-4227-ADC4-23D06A63158D}.Debug|x64.Build.0 = Debug|x64
		{660B32CC-8E74-4227-ADC4-23D06A63158D}.Debug|x86.ActiveCfg = Debug|Win32
		{660B32CC-8E74-4227-ADC4-23D06A63158D}.Debug|x86.Build.0 = Debug|Win32
		{660B32CC-8E74-4227-ADC4-23D06A63158D}.Release|x64.ActiveCfg = Release|x64
		{660B32CC-8E74-4227-ADC4-23D06A63158D}.Release|x64.Build.0 = Release|x64
		{660B32CC-8E74-4227-ADC4-23D06A63158D}.Release|x86.ActiveCfg = Release|Win32
		{660B32CC-8E74-4227-ADC4-23D06A63158D}.Release|x86.Build.0 = Release|Win32
		{CCC949CB-21EB-4015-B8DB-21EDD0AF6113}.Debug|x64.ActiveCfg = Debug|x64
		{CCC949CB-21EB-4015-B8DB-21EDD0AF6113}.Debug|x64.Build.0 = Debug|x64
		{CCC949CB-21EB-4015-B8DB-21EDD0AF6113}.Debug|x86.ActiveCfg = Debug|Win32
		{CCC949CB-21EB-4015-B8DB-21EDD0AF6113}.Debug|x86.Build.0 = Debug|Win32
		{CCC949CB-21EB-4015-B8DB-21EDD0AF6113}.Release|x64.ActiveCfg = Release|x64
		{CCC949CB-21EB-4015-B8DB-21EDD0AF6113}.Release|x64.Build.0 = Release|x64
		{CCC949CB-21EB-4015-B8DB-21EDD0AF6113}.Release|x86.ActiveCfg = Release|Win32
		{CCC949CB-21EB-4015-B8DB-21EDD0AF6113}.Release|x86.Build.0 = Release|Win32
		{21C8368E-65A9-4B84-A430-1A916AF786ED}.Debug|x64.ActiveCfg = Debug|x64
		{21C8368E-65A9-4B84-A430-1A916AF786ED}.Debug|x64.Build.0 = Debug|x64
		{21C8368E-65A9-4B84-A430-1A916AF786ED}.Debug|x86.ActiveCfg = Debug|Win32
		{21C8368E-65A9-4B84-A430-1A916AF786ED}.Debug|x86.Build.0 = Debug|Win32
		{21C8368E-65A9-4B84-A430-1A916AF786ED}.Release|x64.ActiveCfg = Release|x64
		{21C8368E-65A9-4B84-A430-1A916AF786ED}.Release|x64.Build.0 = Release|x64
		{21C8368E-65A9-4B84-A430-1A916AF786ED}.Release|x86.ActiveCfg = Release|Win32
		{21C8368E-65A9-4B84-A430-1A916AF786ED}.Release|x86.Build.0 = Release|Win32
		{782DA7FF-F1D2-4313-AD7C-69B55AEEBA57}.Debug|x64.ActiveCfg = Debug|x64
		{782DA7FF-F1D2-4313-AD7C-69B55AEEBA57}.Debug|x64.Build.0 = Debug|x64
		{782DA7FF-F1D2-4313-AD7C-69B55AEEBA57}.Debug|x86.ActiveCfg = Debug|Win32
		{782DA7FF-F1D2-4313-AD7C-69B55AEEBA57}.Debug|x86.Build.0 = Debug|Win32
		{782DA7FF-F1D2-4313-AD7C-69B55AEEBA57}.Release|x64.ActiveCfg = Release|x64
		{782DA7FF-F1D2-4313-AD7C-69B55AEEBA57}.Release|x64.Build.0 = Release|x64
		{782DA7FF-F1D2-4313-AD7C-69B55AEEBA57}.Release|x86.ActiveCfg = Release|Win32
		{782DA7FF-F1D2-4313-AD7C-69B55AEEBA57}.Release|x86.Build.0 = Release|Win32
		{F2C8C23F-1014-4B7B-9DB1-2EADFE063B9D}.Debug|x64.ActiveCfg = Debug|x64
		{F2C8C23F-1014-4B7B-9DB1-2EADFE063B9D}.Debug|x64.Build.0 = Debug|x64
		{F2C8C23F-1014-4B7B-9DB1-2EADFE063B9D}.Debug|x86.ActiveCfg = Debug|Win32
		{F2C8C23F-1014-4B7B-9DB1-2EADFE063B9D}.Debug|x86.Build.0 = Debug|Win32
		{F2C8C23F-1014-4B7B-9DB1-2EADFE063B9D}.Release|x64.ActiveCfg = Release|x64
		{F2C8C23F-1014-4B7B-9DB1-2EADFE063B9D}.Release|x64.Build.0 = Release|x64
		{F2C8C23F-1014-4B7B-9DB1-2EADFE063B9D}.Release|x86.ActiveCfg = Release|Win32
		{F2C8C23F-1014-4B7B-9DB1-2EADFE063B9D}.Release|x86.Build.0 = Release|Win32
		{91273FB0-B67C-4083-8C8B-541B12C72844}.Debug|x64.ActiveCfg = Debug|x64
		{91273FB0-B67C-4083-8C8B-541B12C72844}.Debug|x64.Build.0 = Debug|x64
		{91273FB0-B67C-4083-8C8B-541B12C72844}.Debug|x86.ActiveCfg = Debug|Win32
		{91273FB0-B67C-4083-8C8B-541B12C72844}.Debug|x86.Build.0 = Debug|Win32
		{91273FB0-B67C-4083-8C8B-541B12C72844}.Release|x64.ActiveCfg = Release|x64
		{91273FB0-B67C-4083-8C8B-541B12C72844}.Release|x64.Build.0 = Release|x64
		{91273FB0-B67C-4083-8C8B-541B12C72844}.Release|x86.ActiveCfg = Release|Win32
		{91273FB0-B67C-4083-8C8B-541B12C72844}.Release|x86.Build.0 = Release|Win32
		{4A6D4F0C-0B9A-49D5-8296-BC91391E3E54}.Debug|x64.ActiveCfg = Debug|x64
		{4A6D4F0C-0B9A-49D5-8296-BC91391E3E54}.Debug|x64.Build.0 = Debug|x64
		{4A6D4F0C-0B9A-49D5-8296-BC91391E3E54}.Debug|x86.ActiveCfg = Debug|Win32
		{4A6D4F0C-0B9A-49D5-8296-BC91391E3E54}.Debug|x86.Build.0 = Debug|Win32
		{4A6D4F0C-0B9A-49D5-8296-BC91391E3E54}.Release|x64.ActiveCfg = Release|x64
		{4A6D4F0C-0B9A-49D5-8296-BC91391E3E54}.Release|x64.Build.0 = Release|x64
		{4A6D4F0C-0B9A-49D5-8296-BC91391E3E54}.Release|x86.ActiveCfg = Release|Win32
		{4A6D4F0C-0B9A-49D5-8296-BC91391E3E54}.Release|x86.Build.0 = Release|Win32
		{93FEEBE0-E055-4EC6-8D1A-7E6C4845E635}.Debug|x64.ActiveCfg = Debug|x64
		{93FEEBE0-E055-4EC6-8D1A-7E6C4845E635}.Debug|x64.Build.0 = Debug|x64
		{93FEEBE0-E055-4EC6-8D1A-7E6C4845E635}.Debug|x86.ActiveCfg = Debug|Win32
		{93FEEBE0-E055-4EC6-8D1A-7E6C4845E635}.Debug|x86.Build.0 = Debug|Win32
		{93FEEBE0-E055-4EC6-8D1A-7E6C4845E635}.Release|x64.ActiveCfg = Release|x64
		{93FEEBE0-E055-4EC6-8D1A-7E6C4845E635}.Release|x64.Build.0 = Release|x64
		{93FEEBE0-E055-4EC6-8D1A-7E6C4845E635}.Release|x86.ActiveCfg = Release|Win32
		{93FEEBE0-E055-4EC6-8D1A-7E6C4845E635}.Release|x86.Build.0 = Release|Win32
		{FDEEE46E-C588-43F2-88DA-C1CA8174378D}.Debug|x64.ActiveCfg = Debug|x64
		{FDEEE46E-C588-43F2-88DA-C1CA8174378D}.Debug|x64.Build.0 = Debug|x64
		{FDEEE46E-C588-43F2-88DA-C1CA8174378D}.Debug|x86.ActiveCfg = Debug|Win32
		{FDEEE46E-C588-43F2-88DA-C1CA8174378D}.Debug|x86.Build.0 = Debug|Win32
		{FDEEE46E-C588-43F2-88DA-C1CA8174378D}.Release|x64.ActiveCfg = Release|x64
		{FDEEE46E-C588-43F2-88DA-C1CA8174378D}.Release|x64.Build.0 = Release|x64
		{FDEEE46E-C588-43F2-88DA-C1CA8174378D}.Release|x86.ActiveCfg = Release|Win32
		{FDEEE46E-C588-43F2-88DA-C1CA8174378D}.Release|x86.Build.0 = Release|Win32
		{40FB8A0E-FDFA-4E51-82EB-E912671764FE}.Debug|x64.ActiveCfg = Debug|x64
		{40FB8A0E-FDFA-4E51-82EB-E912671764FE}.Debug|x64.Build.0 = Debug|x64
		{40FB8A0E-FDFA-4E51-82EB-E912671764FE}.Debug|x86.ActiveCfg = Debug|Win32
		{40FB8A0E-FDFA-4E51-82EB-E912671764FE}.Debug|x86.Build.0 = Debug|Win32
		{40FB8A0E-FDFA-4E51-82EB-E912671764FE}.Release|x64.ActiveCfg = Release|x64
		{40FB8A0E-FDFA-4E51-82EB-E912671764FE}.Release|x64.Build.0 = Release|x64
		{40FB8A0E-FDFA-4E51-82EB-E912671764FE}.Release|x86.ActiveCfg = Release|Win32
		{40FB8A0E-FDFA-4E51-82EB-E912671764FE}.Release|x86.Build.0 = Release|Win32
		{5B52C317-A61D-4FBE-B635-278A6C1358B9}.Debug|x64.ActiveCfg = Debug|x64
		{5B52C317-A61D-4FBE-B635-278A6C1358B9}.Debug|x64.Build.0 = Debug|x64
		{5B52C317-A61D-4FBE-B635-278A6C1358B9}.Debug|x86.ActiveCfg = Debug|Win32
		{5B52C317-A61D-4FBE-B635-278A6C1358B9}.Debug|x86.Build.0 = Debug|Win32
		{5B52C317-A61D-4FBE-B635-278A6C1358B9}.Release|x64.ActiveCfg = Release|x64
		{5B52C317-A61D-4FBE-B635-278A6C1358B9}.Release|x64.Build.0 = Release|x64
		{5B52C317-A61D-4FBE-B635-278A6C1358B9}.Release|x86.ActiveCfg = Release|Win32
		{5B52C317-A61D-4FBE-B635-278A6C1358B9}.Release|x86.Build.0 = Release|Win32
	EndGlobalSection
	GlobalSection(SolutionProperties) = preSolution
		HideSolutionNode = FALSE
	EndGlobalSection
EndGlobal
